// !$*UTF8*$!
{
	archiveVersion = 1;
	classes = {
	};
	objectVersion = 50;
	objects = {

/* Begin PBXBuildFile section */
		C975593126D66ABB00DBE4D7 /* AppDelegate.swift in Sources */ = {isa = PBXBuildFile; fileRef = C975593026D66ABB00DBE4D7 /* AppDelegate.swift */; };
		C975593326D66ABB00DBE4D7 /* SceneDelegate.swift in Sources */ = {isa = PBXBuildFile; fileRef = C975593226D66ABB00DBE4D7 /* SceneDelegate.swift */; };
		C975593526D66ABB00DBE4D7 /* ViewController.swift in Sources */ = {isa = PBXBuildFile; fileRef = C975593426D66ABB00DBE4D7 /* ViewController.swift */; };
		C975593826D66ABB00DBE4D7 /* Main.storyboard in Resources */ = {isa = PBXBuildFile; fileRef = C975593626D66ABB00DBE4D7 /* Main.storyboard */; };
		C975593B26D66ABB00DBE4D7 /* alarmsApp.xcdatamodeld in Sources */ = {isa = PBXBuildFile; fileRef = C975593926D66ABB00DBE4D7 /* alarmsApp.xcdatamodeld */; };
		C975593D26D66AC300DBE4D7 /* Assets.xcassets in Resources */ = {isa = PBXBuildFile; fileRef = C975593C26D66AC300DBE4D7 /* Assets.xcassets */; };
		C975594026D66AC300DBE4D7 /* LaunchScreen.storyboard in Resources */ = {isa = PBXBuildFile; fileRef = C975593E26D66AC300DBE4D7 /* LaunchScreen.storyboard */; };
/* End PBXBuildFile section */

/* Begin PBXFileReference section */
		C975592D26D66ABB00DBE4D7 /* alarmsApp.app */ = {isa = PBXFileReference; explicitFileType = wrapper.application; includeInIndex = 0; path = alarmsApp.app; sourceTree = BUILT_PRODUCTS_DIR; };
		C975593026D66ABB00DBE4D7 /* AppDelegate.swift */ = {isa = PBXFileReference; lastKnownFileType = sourcecode.swift; path = AppDelegate.swift; sourceTree = "<group>"; };
		C975593226D66ABB00DBE4D7 /* SceneDelegate.swift */ = {isa = PBXFileReference; lastKnownFileType = sourcecode.swift; path = SceneDelegate.swift; sourceTree = "<group>"; };
		C975593426D66ABB00DBE4D7 /* ViewController.swift */ = {isa = PBXFileReference; lastKnownFileType = sourcecode.swift; path = ViewController.swift; sourceTree = "<group>"; };
		C975593726D66ABB00DBE4D7 /* Base */ = {isa = PBXFileReference; lastKnownFileType = file.storyboard; name = Base; path = Base.lproj/Main.storyboard; sourceTree = "<group>"; };
		C975593A26D66ABB00DBE4D7 /* alarmsApp.xcdatamodel */ = {isa = PBXFileReference; lastKnownFileType = wrapper.xcdatamodel; path = alarmsApp.xcdatamodel; sourceTree = "<group>"; };
		C975593C26D66AC300DBE4D7 /* Assets.xcassets */ = {isa = PBXFileReference; lastKnownFileType = folder.assetcatalog; path = Assets.xcassets; sourceTree = "<group>"; };
		C975593F26D66AC300DBE4D7 /* Base */ = {isa = PBXFileReference; lastKnownFileType = file.storyboard; name = Base; path = Base.lproj/LaunchScreen.storyboard; sourceTree = "<group>"; };
		C975594126D66AC300DBE4D7 /* Info.plist */ = {isa = PBXFileReference; lastKnownFileType = text.plist.xml; path = Info.plist; sourceTree = "<group>"; };
/* End PBXFileReference section */

/* Begin PBXFrameworksBuildPhase section */
		C975592A26D66ABB00DBE4D7 /* Frameworks */ = {
			isa = PBXFrameworksBuildPhase;
			buildActionMask = 2147483647;
			files = (
			);
			runOnlyForDeploymentPostprocessing = 0;
		};
/* End PBXFrameworksBuildPhase section */

/* Begin PBXGroup section */
		C975592426D66ABA00DBE4D7 = {
			isa = PBXGroup;
			children = (
				C975592F26D66ABB00DBE4D7 /* alarmsApp */,
				C975592E26D66ABB00DBE4D7 /* Products */,
			);
			sourceTree = "<group>";
		};
		C975592E26D66ABB00DBE4D7 /* Products */ = {
			isa = PBXGroup;
			children = (
				C975592D26D66ABB00DBE4D7 /* alarmsApp.app */,
			);
			name = Products;
			sourceTree = "<group>";
		};
		C975592F26D66ABB00DBE4D7 /* alarmsApp */ = {
			isa = PBXGroup;
			children = (
				C975593026D66ABB00DBE4D7 /* AppDelegate.swift */,
				C975593226D66ABB00DBE4D7 /* SceneDelegate.swift */,
				C975593426D66ABB00DBE4D7 /* ViewController.swift */,
				C975593626D66ABB00DBE4D7 /* Main.storyboard */,
				C975593C26D66AC300DBE4D7 /* Assets.xcassets */,
				C975593E26D66AC300DBE4D7 /* LaunchScreen.storyboard */,
				C975594126D66AC300DBE4D7 /* Info.plist */,
				C975593926D66ABB00DBE4D7 /* alarmsApp.xcdatamodeld */,
			);
			path = alarmsApp;
			sourceTree = "<group>";
		};
/* End PBXGroup section */

/* Begin PBXNativeTarget section */
		C975592C26D66ABB00DBE4D7 /* alarmsApp */ = {
			isa = PBXNativeTarget;
			buildConfigurationList = C975594426D66AC300DBE4D7 /* Build configuration list for PBXNativeTarget "alarmsApp" */;
			buildPhases = (
				C975592926D66ABB00DBE4D7 /* Sources */,
				C975592A26D66ABB00DBE4D7 /* Frameworks */,
				C975592B26D66ABB00DBE4D7 /* Resources */,
			);
			buildRules = (
			);
			dependencies = (
			);
			name = alarmsApp;
			productName = alarmsApp;
			productReference = C975592D26D66ABB00DBE4D7 /* alarmsApp.app */;
			productType = "com.apple.product-type.application";
		};
/* End PBXNativeTarget section */

/* Begin PBXProject section */
		C975592526D66ABB00DBE4D7 /* Project object */ = {
			isa = PBXProject;
			attributes = {
				LastSwiftUpdateCheck = 1230;
				LastUpgradeCheck = 1230;
				TargetAttributes = {
					C975592C26D66ABB00DBE4D7 = {
						CreatedOnToolsVersion = 12.3;
					};
				};
			};
			buildConfigurationList = C975592826D66ABB00DBE4D7 /* Build configuration list for PBXProject "alarmsApp" */;
			compatibilityVersion = "Xcode 9.3";
			developmentRegion = en;
			hasScannedForEncodings = 0;
			knownRegions = (
				en,
				Base,
			);
			mainGroup = C975592426D66ABA00DBE4D7;
			productRefGroup = C975592E26D66ABB00DBE4D7 /* Products */;
			projectDirPath = "";
			projectRoot = "";
			targets = (
				C975592C26D66ABB00DBE4D7 /* alarmsApp */,
			);
		};
/* End PBXProject section */

/* Begin PBXResourcesBuildPhase section */
		C975592B26D66ABB00DBE4D7 /* Resources */ = {
			isa = PBXResourcesBuildPhase;
			buildActionMask = 2147483647;
			files = (
				C975594026D66AC300DBE4D7 /* LaunchScreen.storyboard in Resources */,
				C975593D26D66AC300DBE4D7 /* Assets.xcassets in Resources */,
				C975593826D66ABB00DBE4D7 /* Main.storyboard in Resources */,
			);
			runOnlyForDeploymentPostprocessing = 0;
		};
/* End PBXResourcesBuildPhase section */

/* Begin PBXSourcesBuildPhase section */
		C975592926D66ABB00DBE4D7 /* Sources */ = {
			isa = PBXSourcesBuildPhase;
			buildActionMask = 2147483647;
			files = (
				C975593526D66ABB00DBE4D7 /* ViewController.swift in Sources */,
				C975593126D66ABB00DBE4D7 /* AppDelegate.swift in Sources */,
				C975593326D66ABB00DBE4D7 /* SceneDelegate.swift in Sources */,
				C975593B26D66ABB00DBE4D7 /* alarmsApp.xcdatamodeld in Sources */,
			);
			runOnlyForDeploymentPostprocessing = 0;
		};
/* End PBXSourcesBuildPhase section */

/* Begin PBXVariantGroup section */
		C975593626D66ABB00DBE4D7 /* Main.storyboard */ = {
			isa = PBXVariantGroup;
			children = (
				C975593726D66ABB00DBE4D7 /* Base */,
			);
			name = Main.storyboard;
			sourceTree = "<group>";
		};
		C975593E26D66AC300DBE4D7 /* LaunchScreen.storyboard */ = {
			isa = PBXVariantGroup;
			children = (
				C975593F26D66AC300DBE4D7 /* Base */,
			);
			name = LaunchScreen.storyboard;
			sourceTree = "<group>";
		};
/* End PBXVariantGroup section */

/* Begin XCBuildConfiguration section */
		C975594226D66AC300DBE4D7 /* Debug */ = {
			isa = XCBuildConfiguration;
			buildSettings = {
				ALWAYS_SEARCH_USER_PATHS = NO;
				CLANG_ANALYZER_NONNULL = YES;
				CLANG_ANALYZER_NUMBER_OBJECT_CONVERSION = YES_AGGRESSIVE;
				CLANG_CXX_LANGUAGE_STANDARD = "gnu++14";
				CLANG_CXX_LIBRARY = "libc++";
				CLANG_ENABLE_MODULES = YES;
				CLANG_ENABLE_OBJC_ARC = YES;
				CLANG_ENABLE_OBJC_WEAK = YES;
				CLANG_WARN_BLOCK_CAPTURE_AUTORELEASING = YES;
				CLANG_WARN_BOOL_CONVERSION = YES;
				CLANG_WARN_COMMA = YES;
				CLANG_WARN_CONSTANT_CONVERSION = YES;
				CLANG_WARN_DEPRECATED_OBJC_IMPLEMENTATIONS = YES;
				CLANG_WARN_DIRECT_OBJC_ISA_USAGE = YES_ERROR;
				CLANG_WARN_DOCUMENTATION_COMMENTS = YES;
				CLANG_WARN_EMPTY_BODY = YES;
				CLANG_WARN_ENUM_CONVERSION = YES;
				CLANG_WARN_INFINITE_RECURSION = YES;
				CLANG_WARN_INT_CONVERSION = YES;
				CLANG_WARN_NON_LITERAL_NULL_CONVERSION = YES;
				CLANG_WARN_OBJC_IMPLICIT_RETAIN_SELF = YES;
				CLANG_WARN_OBJC_LITERAL_CONVERSION = YES;
				CLANG_WARN_OBJC_ROOT_CLASS = YES_ERROR;
				CLANG_WARN_QUOTED_INCLUDE_IN_FRAMEWORK_HEADER = YES;
				CLANG_WARN_RANGE_LOOP_ANALYSIS = YES;
				CLANG_WARN_STRICT_PROTOTYPES = YES;
				CLANG_WARN_SUSPICIOUS_MOVE = YES;
				CLANG_WARN_UNGUARDED_AVAILABILITY = YES_AGGRESSIVE;
				CLANG_WARN_UNREACHABLE_CODE = YES;
				CLANG_WARN__DUPLICATE_METHOD_MATCH = YES;
				COPY_PHASE_STRIP = NO;
				DEBUG_INFORMATION_FORMAT = dwarf;
				ENABLE_STRICT_OBJC_MSGSEND = YES;
				ENABLE_TESTABILITY = YES;
				GCC_C_LANGUAGE_STANDARD = gnu11;
				GCC_DYNAMIC_NO_PIC = NO;
				GCC_NO_COMMON_BLOCKS = YES;
				GCC_OPTIMIZATION_LEVEL = 0;
				GCC_PREPROCESSOR_DEFINITIONS = (
					"DEBUG=1",
					"$(inherited)",
				);
				GCC_WARN_64_TO_32_BIT_CONVERSION = YES;
				GCC_WARN_ABOUT_RETURN_TYPE = YES_ERROR;
				GCC_WARN_UNDECLARED_SELECTOR = YES;
				GCC_WARN_UNINITIALIZED_AUTOS = YES_AGGRESSIVE;
				GCC_WARN_UNUSED_FUNCTION = YES;
				GCC_WARN_UNUSED_VARIABLE = YES;
				IPHONEOS_DEPLOYMENT_TARGET = 14.3;
				MTL_ENABLE_DEBUG_INFO = INCLUDE_SOURCE;
				MTL_FAST_MATH = YES;
				ONLY_ACTIVE_ARCH = YES;
				SDKROOT = iphoneos;
				SWIFT_ACTIVE_COMPILATION_CONDITIONS = DEBUG;
				SWIFT_OPTIMIZATION_LEVEL = "-Onone";
			};
			name = Debug;
		};
		C975594326D66AC300DBE4D7 /* Release */ = {
			isa = XCBuildConfiguration;
			buildSettings = {
				ALWAYS_SEARCH_USER_PATHS = NO;
				CLANG_ANALYZER_NONNULL = YES;
				CLANG_ANALYZER_NUMBER_OBJECT_CONVERSION = YES_AGGRESSIVE;
				CLANG_CXX_LANGUAGE_STANDARD = "gnu++14";
				CLANG_CXX_LIBRARY = "libc++";
				CLANG_ENABLE_MODULES = YES;
				CLANG_ENABLE_OBJC_ARC = YES;
				CLANG_ENABLE_OBJC_WEAK = YES;
				CLANG_WARN_BLOCK_CAPTURE_AUTORELEASING = YES;
				CLANG_WARN_BOOL_CONVERSION = YES;
				CLANG_WARN_COMMA = YES;
				CLANG_WARN_CONSTANT_CONVERSION = YES;
				CLANG_WARN_DEPRECATED_OBJC_IMPLEMENTATIONS = YES;
				CLANG_WARN_DIRECT_OBJC_ISA_USAGE = YES_ERROR;
				CLANG_WARN_DOCUMENTATION_COMMENTS = YES;
				CLANG_WARN_EMPTY_BODY = YES;
				CLANG_WARN_ENUM_CONVERSION = YES;
				CLANG_WARN_INFINITE_RECURSION = YES;
				CLANG_WARN_INT_CONVERSION = YES;
				CLANG_WARN_NON_LITERAL_NULL_CONVERSION = YES;
				CLANG_WARN_OBJC_IMPLICIT_RETAIN_SELF = YES;
				CLANG_WARN_OBJC_LITERAL_CONVERSION = YES;
				CLANG_WARN_OBJC_ROOT_CLASS = YES_ERROR;
				CLANG_WARN_QUOTED_INCLUDE_IN_FRAMEWORK_HEADER = YES;
				CLANG_WARN_RANGE_LOOP_ANALYSIS = YES;
				CLANG_WARN_STRICT_PROTOTYPES = YES;
				CLANG_WARN_SUSPICIOUS_MOVE = YES;
				CLANG_WARN_UNGUARDED_AVAILABILITY = YES_AGGRESSIVE;
				CLANG_WARN_UNREACHABLE_CODE = YES;
				CLANG_WARN__DUPLICATE_METHOD_MATCH = YES;
				COPY_PHASE_STRIP = NO;
				DEBUG_INFORMATION_FORMAT = "dwarf-with-dsym";
				ENABLE_NS_ASSERTIONS = NO;
				ENABLE_STRICT_OBJC_MSGSEND = YES;
				GCC_C_LANGUAGE_STANDARD = gnu11;
				GCC_NO_COMMON_BLOCKS = YES;
				GCC_WARN_64_TO_32_BIT_CONVERSION = YES;
				GCC_WARN_ABOUT_RETURN_TYPE = YES_ERROR;
				GCC_WARN_UNDECLARED_SELECTOR = YES;
				GCC_WARN_UNINITIALIZED_AUTOS = YES_AGGRESSIVE;
				GCC_WARN_UNUSED_FUNCTION = YES;
				GCC_WARN_UNUSED_VARIABLE = YES;
				IPHONEOS_DEPLOYMENT_TARGET = 14.3;
				MTL_ENABLE_DEBUG_INFO = NO;
				MTL_FAST_MATH = YES;
				SDKROOT = iphoneos;
				SWIFT_COMPILATION_MODE = wholemodule;
				SWIFT_OPTIMIZATION_LEVEL = "-O";
				VALIDATE_PRODUCT = YES;
			};
			name = Release;
		};
		C975594526D66AC300DBE4D7 /* Debug */ = {
			isa = XCBuildConfiguration;
			buildSettings = {
				ASSETCATALOG_COMPILER_APPICON_NAME = AppIcon;
				ASSETCATALOG_COMPILER_GLOBAL_ACCENT_COLOR_NAME = AccentColor;
				CODE_SIGN_STYLE = Automatic;
				DEVELOPMENT_TEAM = 4DS44UHFV3;
				INFOPLIST_FILE = alarmsApp/Info.plist;
				LD_RUNPATH_SEARCH_PATHS = (
					"$(inherited)",
					"@executable_path/Frameworks",
				);
				PRODUCT_BUNDLE_IDENTIFIER = com.wrms.alarmsApp;
				PRODUCT_NAME = "$(TARGET_NAME)";
				SWIFT_VERSION = 5.0;
				TARGETED_DEVICE_FAMILY = "1,2";
			};
			name = Debug;
		};
		C975594626D66AC300DBE4D7 /* Release */ = {
			isa = XCBuildConfiguration;
			buildSettings = {
				ASSETCATALOG_COMPILER_APPICON_NAME = AppIcon;
				ASSETCATALOG_COMPILER_GLOBAL_ACCENT_COLOR_NAME = AccentColor;
				CODE_SIGN_STYLE = Automatic;
				DEVELOPMENT_TEAM = 4DS44UHFV3;
				INFOPLIST_FILE = alarmsApp/Info.plist;
				LD_RUNPATH_SEARCH_PATHS = (
					"$(inherited)",
					"@executable_path/Frameworks",
				);
				PRODUCT_BUNDLE_IDENTIFIER = com.wrms.alarmsApp;
				PRODUCT_NAME = "$(TARGET_NAME)";
				SWIFT_VERSION = 5.0;
				TARGETED_DEVICE_FAMILY = "1,2";
			};
			name = Release;
		};
/* End XCBuildConfiguration section */

/* Begin XCConfigurationList section */
		C975592826D66ABB00DBE4D7 /* Build configuration list for PBXProject "alarmsApp" */ = {
			isa = XCConfigurationList;
			buildConfigurations = (
				C975594226D66AC300DBE4D7 /* Debug */,
				C975594326D66AC300DBE4D7 /* Release */,
			);
			defaultConfigurationIsVisible = 0;
			defaultConfigurationName = Release;
		};
		C975594426D66AC300DBE4D7 /* Build configuration list for PBXNativeTarget "alarmsApp" */ = {
			isa = XCConfigurationList;
			buildConfigurations = (
				C975594526D66AC300DBE4D7 /* Debug */,
				C975594626D66AC300DBE4D7 /* Release */,
			);
			defaultConfigurationIsVisible = 0;
			defaultConfigurationName = Release;
		};
/* End XCConfigurationList section */

/* Begin XCVersionGroup section */
		C975593926D66ABB00DBE4D7 /* alarmsApp.xcdatamodeld */ = {
			isa = XCVersionGroup;
			children = (
				C975593A26D66ABB00DBE4D7 /* alarmsApp.xcdatamodel */,
			);
			currentVersion = C975593A26D66ABB00DBE4D7 /* alarmsApp.xcdatamodel */;
			path = alarmsApp.xcdatamodeld;
			sourceTree = "<group>";
			versionGroupType = wrapper.xcdatamodel;
		};
/* End XCVersionGroup section */
	};
	rootObject = C975592526D66ABB00DBE4D7 /* Project object */;
}
